
Microsoft Visual Studio Solution File, Format Version 12.00
# Visual Studio Version 17
VisualStudioVersion = 17.14.36623.8
MinimumVisualStudioVersion = 10.0.40219.1
Project("{FAE04EC0-301F-11D3-BF4B-00C04F79EFBC}") = "SpawnDev.Identification", "SpawnDev.Identification\SpawnDev.Identification.csproj", "{44C3C2DD-6073-3CB5-9CF3-F512E7219498}"
EndProject
Project("{FAE04EC0-301F-11D3-BF4B-00C04F79EFBC}") = "SpawnDev.Identification.Demo", "SpawnDev.Identification.Demo\SpawnDev.Identification.Demo.csproj", "{499C43C0-B846-D3DD-BB51-2C4EF9473761}"
EndProject
Global
	GlobalSection(SolutionConfigurationPlatforms) = preSolution
		Debug|Any CPU = Debug|Any CPU
		Release|Any CPU = Release|Any CPU
	EndGlobalSection
	GlobalSection(ProjectConfigurationPlatforms) = postSolution
		{44C3C2DD-6073-3CB5-9CF3-F512E7219498}.Debug|Any CPU.ActiveCfg = Debug|Any CPU
		{44C3C2DD-6073-3CB5-9CF3-F512E7219498}.Debug|Any CPU.Build.0 = Debug|Any CPU
		{44C3C2DD-6073-3CB5-9CF3-F512E7219498}.Release|Any CPU.ActiveCfg = Release|Any CPU
		{44C3C2DD-6073-3CB5-9CF3-F512E7219498}.Release|Any CPU.Build.0 = Release|Any CPU
		{499C43C0-B846-D3DD-BB51-2C4EF9473761}.Debug|Any CPU.ActiveCfg = Debug|Any CPU
		{499C43C0-B846-D3DD-BB51-2C4EF9473761}.Debug|Any CPU.Build.0 = Debug|Any CPU
		{499C43C0-B846-D3DD-BB51-2C4EF9473761}.Release|Any CPU.ActiveCfg = Release|Any CPU
		{499C43C0-B846-D3DD-BB51-2C4EF9473761}.Release|Any CPU.Build.0 = Release|Any CPU
	EndGlobalSection
	GlobalSection(SolutionProperties) = preSolution
		HideSolutionNode = FALSE
	EndGlobalSection
	GlobalSection(ExtensibilityGlobals) = postSolution
		SolutionGuid = {5BEFE825-F1E6-45D0-A2DF-05A79F377A26}
	EndGlobalSection
EndGlobal
